// !$*UTF8*$!
{
	archiveVersion = 1;
	classes = {
	};
	objectVersion = 46;
	objects = {

/* Begin PBXBuildFile section */
		2348EDCF1CCE900B00A0C2D7 /* backgroundMusic.mp3 in Resources */ = {isa = PBXBuildFile; fileRef = 2348EDCE1CCE900B00A0C2D7 /* backgroundMusic.mp3 */; };
		238DA2921CC8772F00893D9C /* GoalNode.swift in Sources */ = {isa = PBXBuildFile; fileRef = 238DA2911CC8772F00893D9C /* GoalNode.swift */; };
		23B50C771CDD190100AAA283 /* HeroNode.swift in Sources */ = {isa = PBXBuildFile; fileRef = 23B50C761CDD190100AAA283 /* HeroNode.swift */; };
		23B8BF141CCE6D9B0047ECCD /* drop.wav in Resources */ = {isa = PBXBuildFile; fileRef = 23B8BF131CCE6D9B0047ECCD /* drop.wav */; };
		23B8BF161CCE742F0047ECCD /* fall.wav in Resources */ = {isa = PBXBuildFile; fileRef = 23B8BF151CCE742F0047ECCD /* fall.wav */; };
		23D5465A1CDABDA600019E5F /* LevelResults.swift in Sources */ = {isa = PBXBuildFile; fileRef = 23D546591CDABDA600019E5F /* LevelResults.swift */; };
		23D5465C1CDAF85000019E5F /* Level5.sks in Resources */ = {isa = PBXBuildFile; fileRef = 23D5465B1CDAF84F00019E5F /* Level5.sks */; };
		23D5465F1CDAF95800019E5F /* Level6.sks in Resources */ = {isa = PBXBuildFile; fileRef = 23D5465E1CDAF95800019E5F /* Level6.sks */; };
		23F768B41CCF3738005F3F37 /* lose.wav in Resources */ = {isa = PBXBuildFile; fileRef = 23F768B21CCF3738005F3F37 /* lose.wav */; };
		23F768B71CCF9130005F3F37 /* win.wav in Resources */ = {isa = PBXBuildFile; fileRef = 23F768B61CCF9130005F3F37 /* win.wav */; };
		23FD03721CBC16A100F44B4E /* MainMenuScene.swift in Sources */ = {isa = PBXBuildFile; fileRef = 23FD03711CBC16A100F44B4E /* MainMenuScene.swift */; };
		23FD03751CBD425300F44B4E /* BEBAS___.TTF in Resources */ = {isa = PBXBuildFile; fileRef = 23FD03741CBD425300F44B4E /* BEBAS___.TTF */; };
		23FD037B1CBD53D400F44B4E /* GameOverScene.swift in Sources */ = {isa = PBXBuildFile; fileRef = 23FD037A1CBD53D400F44B4E /* GameOverScene.swift */; };
		67152F001CBFDF050026CC89 /* Level2.sks in Resources */ = {isa = PBXBuildFile; fileRef = 67152EFF1CBFDF050026CC89 /* Level2.sks */; };
		675343131CB822BB0039C864 /* AppDelegate.swift in Sources */ = {isa = PBXBuildFile; fileRef = 675342F61CB822BB0039C864 /* AppDelegate.swift */; };
		675343141CB822BB0039C864 /* Assets.xcassets in Resources */ = {isa = PBXBuildFile; fileRef = 675342F71CB822BB0039C864 /* Assets.xcassets */; };
		675343151CB822BB0039C864 /* LaunchScreen.storyboard in Resources */ = {isa = PBXBuildFile; fileRef = 675342F81CB822BB0039C864 /* LaunchScreen.storyboard */; };
		675343161CB822BB0039C864 /* Main.storyboard in Resources */ = {isa = PBXBuildFile; fileRef = 675342FA1CB822BB0039C864 /* Main.storyboard */; };
		675343181CB822BB0039C864 /* BlockNode.swift in Sources */ = {isa = PBXBuildFile; fileRef = 675342FD1CB822BB0039C864 /* BlockNode.swift */; };
		6753431D1CB822BB0039C864 /* RegGameScene.swift in Sources */ = {isa = PBXBuildFile; fileRef = 675343021CB822BB0039C864 /* RegGameScene.swift */; };
		6753431E1CB822BB0039C864 /* GameViewController.swift in Sources */ = {isa = PBXBuildFile; fileRef = 675343031CB822BB0039C864 /* GameViewController.swift */; };
		675343251CB822BB0039C864 /* MessageNode.swift in Sources */ = {isa = PBXBuildFile; fileRef = 6753430A1CB822BB0039C864 /* MessageNode.swift */; };
		677A4F811CBD3B45008E5773 /* Constants.swift in Sources */ = {isa = PBXBuildFile; fileRef = 677A4F801CBD3B45008E5773 /* Constants.swift */; };
		677A4F881CBD3D44008E5773 /* TWButton.swift in Sources */ = {isa = PBXBuildFile; fileRef = 677A4F831CBD3D44008E5773 /* TWButton.swift */; };
		677A4F891CBD3D44008E5773 /* TWControl+Helpers.swift in Sources */ = {isa = PBXBuildFile; fileRef = 677A4F841CBD3D44008E5773 /* TWControl+Helpers.swift */; };
		677A4F8A1CBD3D44008E5773 /* TWControl+NestedTypes.swift in Sources */ = {isa = PBXBuildFile; fileRef = 677A4F851CBD3D44008E5773 /* TWControl+NestedTypes.swift */; };
		677A4F8B1CBD3D44008E5773 /* TWControl.swift in Sources */ = {isa = PBXBuildFile; fileRef = 677A4F861CBD3D44008E5773 /* TWControl.swift */; };
		677A4F8C1CBD3D44008E5773 /* TWSwitch.swift in Sources */ = {isa = PBXBuildFile; fileRef = 677A4F871CBD3D44008E5773 /* TWSwitch.swift */; };
		677A4F901CBD47F7008E5773 /* DefaultsManager.swift in Sources */ = {isa = PBXBuildFile; fileRef = 677A4F8F1CBD47F7008E5773 /* DefaultsManager.swift */; };
		677A4F921CBD4A01008E5773 /* HowToScene.swift in Sources */ = {isa = PBXBuildFile; fileRef = 677A4F911CBD4A01008E5773 /* HowToScene.swift */; };
		677A4F941CBD4D1A008E5773 /* CreditsScene.swift in Sources */ = {isa = PBXBuildFile; fileRef = 677A4F931CBD4D1A008E5773 /* CreditsScene.swift */; };
		677A4F961CBD4F0D008E5773 /* BaseNode.swift in Sources */ = {isa = PBXBuildFile; fileRef = 677A4F951CBD4F0D008E5773 /* BaseNode.swift */; };
		677A4F9C1CBD6631008E5773 /* FakeBlockNode.swift in Sources */ = {isa = PBXBuildFile; fileRef = 677A4F9B1CBD6631008E5773 /* FakeBlockNode.swift */; };
		6795C7241CE4E094008A5D79 /* GameScene.swift in Sources */ = {isa = PBXBuildFile; fileRef = 6780F02D1CDB969800E1A9BC /* GameScene.swift */; };
		67B676481CCEEFE500441286 /* Level3.sks in Resources */ = {isa = PBXBuildFile; fileRef = 67B676471CCEEFE500441286 /* Level3.sks */; };
		67B6764A1CCEFA2100441286 /* LevelSelect.swift in Sources */ = {isa = PBXBuildFile; fileRef = 67B676491CCEFA2100441286 /* LevelSelect.swift */; };
		67B6764C1CCEFA3F00441286 /* LevelSelectContents.sks in Resources */ = {isa = PBXBuildFile; fileRef = 67B6764B1CCEFA3F00441286 /* LevelSelectContents.sks */; };
		67B676561CCEFF7100441286 /* MyParticle.sks in Resources */ = {isa = PBXBuildFile; fileRef = 67B676551CCEFF7100441286 /* MyParticle.sks */; };
		67B676581CCEFF7900441286 /* spark.png in Resources */ = {isa = PBXBuildFile; fileRef = 67B676571CCEFF7900441286 /* spark.png */; };
		67C444FD1CC933060079EBA1 /* Level4.sks in Resources */ = {isa = PBXBuildFile; fileRef = 67C444FC1CC933060079EBA1 /* Level4.sks */; };
		67C444FF1CC93A270079EBA1 /* HowToSceneContents.sks in Resources */ = {isa = PBXBuildFile; fileRef = 67C444FE1CC93A270079EBA1 /* HowToSceneContents.sks */; };
		67C445011CC93B280079EBA1 /* CreditsSceneContents.sks in Resources */ = {isa = PBXBuildFile; fileRef = 67C445001CC93B280079EBA1 /* CreditsSceneContents.sks */; };
		67DDCE071CD7E74F001C4B36 /* GameUtils.swift in Sources */ = {isa = PBXBuildFile; fileRef = 67DDCE061CD7E74F001C4B36 /* GameUtils.swift */; };
		67DDCE091CD7E7C9001C4B36 /* ZenGameScene.swift in Sources */ = {isa = PBXBuildFile; fileRef = 67DDCE081CD7E7C9001C4B36 /* ZenGameScene.swift */; };
		67DDCE0B1CD7E7FD001C4B36 /* Empty.sks in Resources */ = {isa = PBXBuildFile; fileRef = 67DDCE0A1CD7E7FD001C4B36 /* Empty.sks */; };
		67E7BB411CD9412900F41604 /* Level1.sks in Resources */ = {isa = PBXBuildFile; fileRef = 67E7BB3E1CD9412900F41604 /* Level1.sks */; };
		67F924B61CDA681200001A94 /* BlitzGameScene.swift in Sources */ = {isa = PBXBuildFile; fileRef = 67F924B51CDA681200001A94 /* BlitzGameScene.swift */; };
		9C7F97E81BD2474800C8E15B /* CGFloat+Extensions.swift in Sources */ = {isa = PBXBuildFile; fileRef = 9C7F97DC1BD2474800C8E15B /* CGFloat+Extensions.swift */; };
		9C7F97E91BD2474800C8E15B /* CGPoint+Extensions.swift in Sources */ = {isa = PBXBuildFile; fileRef = 9C7F97DD1BD2474800C8E15B /* CGPoint+Extensions.swift */; };
		9C7F97EA1BD2474800C8E15B /* CGVector+Extensions.swift in Sources */ = {isa = PBXBuildFile; fileRef = 9C7F97DE1BD2474800C8E15B /* CGVector+Extensions.swift */; };
		9C7F97EB1BD2474800C8E15B /* Int+Extensions.swift in Sources */ = {isa = PBXBuildFile; fileRef = 9C7F97DF1BD2474800C8E15B /* Int+Extensions.swift */; };
		9C7F97EC1BD2474800C8E15B /* SKAction+Extensions.swift in Sources */ = {isa = PBXBuildFile; fileRef = 9C7F97E01BD2474800C8E15B /* SKAction+Extensions.swift */; };
		9C7F97ED1BD2474800C8E15B /* SKAction+SpecialEffects.swift in Sources */ = {isa = PBXBuildFile; fileRef = 9C7F97E11BD2474800C8E15B /* SKAction+SpecialEffects.swift */; };
		9C7F97EE1BD2474800C8E15B /* SKColor+Extensions.swift in Sources */ = {isa = PBXBuildFile; fileRef = 9C7F97E21BD2474800C8E15B /* SKColor+Extensions.swift */; };
		9C7F97EF1BD2474800C8E15B /* SKNode+Extensions.swift in Sources */ = {isa = PBXBuildFile; fileRef = 9C7F97E31BD2474800C8E15B /* SKNode+Extensions.swift */; };
		9C7F97F01BD2474800C8E15B /* SKTAudio.swift in Sources */ = {isa = PBXBuildFile; fileRef = 9C7F97E41BD2474800C8E15B /* SKTAudio.swift */; };
		9C7F97F11BD2474800C8E15B /* SKTEffects.swift in Sources */ = {isa = PBXBuildFile; fileRef = 9C7F97E51BD2474800C8E15B /* SKTEffects.swift */; };
		9C7F97F21BD2474800C8E15B /* SKTTimingFunctions.swift in Sources */ = {isa = PBXBuildFile; fileRef = 9C7F97E61BD2474800C8E15B /* SKTTimingFunctions.swift */; };
		9C7F97F31BD2474800C8E15B /* Vector3.swift in Sources */ = {isa = PBXBuildFile; fileRef = 9C7F97E71BD2474800C8E15B /* Vector3.swift */; };
/* End PBXBuildFile section */

/* Begin PBXFileReference section */
		2348EDCE1CCE900B00A0C2D7 /* backgroundMusic.mp3 */ = {isa = PBXFileReference; lastKnownFileType = audio.mp3; path = backgroundMusic.mp3; sourceTree = "<group>"; };
		238DA2911CC8772F00893D9C /* GoalNode.swift */ = {isa = PBXFileReference; fileEncoding = 4; lastKnownFileType = sourcecode.swift; path = GoalNode.swift; sourceTree = "<group>"; };
		23B50C761CDD190100AAA283 /* HeroNode.swift */ = {isa = PBXFileReference; fileEncoding = 4; lastKnownFileType = sourcecode.swift; path = HeroNode.swift; sourceTree = "<group>"; };
		23B8BF131CCE6D9B0047ECCD /* drop.wav */ = {isa = PBXFileReference; lastKnownFileType = audio.wav; path = drop.wav; sourceTree = "<group>"; };
		23B8BF151CCE742F0047ECCD /* fall.wav */ = {isa = PBXFileReference; lastKnownFileType = audio.wav; path = fall.wav; sourceTree = "<group>"; };
		23D546591CDABDA600019E5F /* LevelResults.swift */ = {isa = PBXFileReference; fileEncoding = 4; lastKnownFileType = sourcecode.swift; path = LevelResults.swift; sourceTree = "<group>"; };
		23D5465B1CDAF84F00019E5F /* Level5.sks */ = {isa = PBXFileReference; lastKnownFileType = file.sks; path = Level5.sks; sourceTree = "<group>"; };
		23D5465E1CDAF95800019E5F /* Level6.sks */ = {isa = PBXFileReference; lastKnownFileType = file.sks; path = Level6.sks; sourceTree = "<group>"; };
		23F768B21CCF3738005F3F37 /* lose.wav */ = {isa = PBXFileReference; lastKnownFileType = audio.wav; path = lose.wav; sourceTree = "<group>"; };
		23F768B61CCF9130005F3F37 /* win.wav */ = {isa = PBXFileReference; lastKnownFileType = audio.wav; path = win.wav; sourceTree = "<group>"; };
		23FD03711CBC16A100F44B4E /* MainMenuScene.swift */ = {isa = PBXFileReference; fileEncoding = 4; lastKnownFileType = sourcecode.swift; path = MainMenuScene.swift; sourceTree = "<group>"; };
		23FD03741CBD425300F44B4E /* BEBAS___.TTF */ = {isa = PBXFileReference; lastKnownFileType = file; path = "BEBAS___.TTF"; sourceTree = "<group>"; };
		23FD037A1CBD53D400F44B4E /* GameOverScene.swift */ = {isa = PBXFileReference; fileEncoding = 4; lastKnownFileType = sourcecode.swift; path = GameOverScene.swift; sourceTree = "<group>"; };
		67152EFF1CBFDF050026CC89 /* Level2.sks */ = {isa = PBXFileReference; lastKnownFileType = file.sks; path = Level2.sks; sourceTree = "<group>"; };
		675342F61CB822BB0039C864 /* AppDelegate.swift */ = {isa = PBXFileReference; fileEncoding = 4; lastKnownFileType = sourcecode.swift; path = AppDelegate.swift; sourceTree = "<group>"; };
		675342F71CB822BB0039C864 /* Assets.xcassets */ = {isa = PBXFileReference; lastKnownFileType = folder.assetcatalog; path = Assets.xcassets; sourceTree = "<group>"; };
		675342F91CB822BB0039C864 /* Base */ = {isa = PBXFileReference; lastKnownFileType = file.storyboard; name = Base; path = Base.lproj/LaunchScreen.storyboard; sourceTree = "<group>"; };
		675342FB1CB822BB0039C864 /* Base */ = {isa = PBXFileReference; lastKnownFileType = file.storyboard; name = Base; path = Base.lproj/Main.storyboard; sourceTree = "<group>"; };
		675342FD1CB822BB0039C864 /* BlockNode.swift */ = {isa = PBXFileReference; fileEncoding = 4; lastKnownFileType = sourcecode.swift; path = BlockNode.swift; sourceTree = "<group>"; };
		675343021CB822BB0039C864 /* RegGameScene.swift */ = {isa = PBXFileReference; fileEncoding = 4; lastKnownFileType = sourcecode.swift; path = RegGameScene.swift; sourceTree = "<group>"; };
		675343031CB822BB0039C864 /* GameViewController.swift */ = {isa = PBXFileReference; fileEncoding = 4; lastKnownFileType = sourcecode.swift; path = GameViewController.swift; sourceTree = "<group>"; };
		675343051CB822BB0039C864 /* Info.plist */ = {isa = PBXFileReference; fileEncoding = 4; lastKnownFileType = text.plist.xml; path = Info.plist; sourceTree = "<group>"; };
		6753430A1CB822BB0039C864 /* MessageNode.swift */ = {isa = PBXFileReference; fileEncoding = 4; lastKnownFileType = sourcecode.swift; path = MessageNode.swift; sourceTree = "<group>"; };
		677A4F801CBD3B45008E5773 /* Constants.swift */ = {isa = PBXFileReference; fileEncoding = 4; lastKnownFileType = sourcecode.swift; path = Constants.swift; sourceTree = "<group>"; };
		677A4F831CBD3D44008E5773 /* TWButton.swift */ = {isa = PBXFileReference; fileEncoding = 4; lastKnownFileType = sourcecode.swift; path = TWButton.swift; sourceTree = "<group>"; };
		677A4F841CBD3D44008E5773 /* TWControl+Helpers.swift */ = {isa = PBXFileReference; fileEncoding = 4; lastKnownFileType = sourcecode.swift; path = "TWControl+Helpers.swift"; sourceTree = "<group>"; };
		677A4F851CBD3D44008E5773 /* TWControl+NestedTypes.swift */ = {isa = PBXFileReference; fileEncoding = 4; lastKnownFileType = sourcecode.swift; path = "TWControl+NestedTypes.swift"; sourceTree = "<group>"; };
		677A4F861CBD3D44008E5773 /* TWControl.swift */ = {isa = PBXFileReference; fileEncoding = 4; lastKnownFileType = sourcecode.swift; path = TWControl.swift; sourceTree = "<group>"; };
		677A4F871CBD3D44008E5773 /* TWSwitch.swift */ = {isa = PBXFileReference; fileEncoding = 4; lastKnownFileType = sourcecode.swift; path = TWSwitch.swift; sourceTree = "<group>"; };
		677A4F8F1CBD47F7008E5773 /* DefaultsManager.swift */ = {isa = PBXFileReference; fileEncoding = 4; lastKnownFileType = sourcecode.swift; path = DefaultsManager.swift; sourceTree = "<group>"; };
		677A4F911CBD4A01008E5773 /* HowToScene.swift */ = {isa = PBXFileReference; fileEncoding = 4; lastKnownFileType = sourcecode.swift; path = HowToScene.swift; sourceTree = "<group>"; };
		677A4F931CBD4D1A008E5773 /* CreditsScene.swift */ = {isa = PBXFileReference; fileEncoding = 4; lastKnownFileType = sourcecode.swift; path = CreditsScene.swift; sourceTree = "<group>"; };
		677A4F951CBD4F0D008E5773 /* BaseNode.swift */ = {isa = PBXFileReference; fileEncoding = 4; lastKnownFileType = sourcecode.swift; path = BaseNode.swift; sourceTree = "<group>"; };
		677A4F9B1CBD6631008E5773 /* FakeBlockNode.swift */ = {isa = PBXFileReference; fileEncoding = 4; lastKnownFileType = sourcecode.swift; path = FakeBlockNode.swift; sourceTree = "<group>"; };
		6780F02D1CDB969800E1A9BC /* GameScene.swift */ = {isa = PBXFileReference; fileEncoding = 4; lastKnownFileType = sourcecode.swift; path = GameScene.swift; sourceTree = "<group>"; };
		67B676471CCEEFE500441286 /* Level3.sks */ = {isa = PBXFileReference; lastKnownFileType = file.sks; path = Level3.sks; sourceTree = "<group>"; };
		67B676491CCEFA2100441286 /* LevelSelect.swift */ = {isa = PBXFileReference; fileEncoding = 4; lastKnownFileType = sourcecode.swift; path = LevelSelect.swift; sourceTree = "<group>"; };
		67B6764B1CCEFA3F00441286 /* LevelSelectContents.sks */ = {isa = PBXFileReference; lastKnownFileType = file.sks; path = LevelSelectContents.sks; sourceTree = "<group>"; };
		67B676551CCEFF7100441286 /* MyParticle.sks */ = {isa = PBXFileReference; lastKnownFileType = file.sks; path = MyParticle.sks; sourceTree = "<group>"; };
		67B676571CCEFF7900441286 /* spark.png */ = {isa = PBXFileReference; lastKnownFileType = image.png; path = spark.png; sourceTree = "<group>"; };
		67C444FC1CC933060079EBA1 /* Level4.sks */ = {isa = PBXFileReference; lastKnownFileType = file.sks; path = Level4.sks; sourceTree = "<group>"; };
		67C444FE1CC93A270079EBA1 /* HowToSceneContents.sks */ = {isa = PBXFileReference; lastKnownFileType = file.sks; path = HowToSceneContents.sks; sourceTree = "<group>"; };
		67C445001CC93B280079EBA1 /* CreditsSceneContents.sks */ = {isa = PBXFileReference; lastKnownFileType = file.sks; path = CreditsSceneContents.sks; sourceTree = "<group>"; };
		67DDCE061CD7E74F001C4B36 /* GameUtils.swift */ = {isa = PBXFileReference; fileEncoding = 4; lastKnownFileType = sourcecode.swift; path = GameUtils.swift; sourceTree = "<group>"; };
		67DDCE081CD7E7C9001C4B36 /* ZenGameScene.swift */ = {isa = PBXFileReference; fileEncoding = 4; lastKnownFileType = sourcecode.swift; path = ZenGameScene.swift; sourceTree = "<group>"; };
		67DDCE0A1CD7E7FD001C4B36 /* Empty.sks */ = {isa = PBXFileReference; lastKnownFileType = file.sks; path = Empty.sks; sourceTree = "<group>"; };
		67E7BB3E1CD9412900F41604 /* Level1.sks */ = {isa = PBXFileReference; lastKnownFileType = file.sks; path = Level1.sks; sourceTree = "<group>"; };
		67F924B51CDA681200001A94 /* BlitzGameScene.swift */ = {isa = PBXFileReference; fileEncoding = 4; lastKnownFileType = sourcecode.swift; path = BlitzGameScene.swift; sourceTree = "<group>"; };
		9C764A341BD237D80012640A /* GravityTower.app */ = {isa = PBXFileReference; explicitFileType = wrapper.application; includeInIndex = 0; path = GravityTower.app; sourceTree = BUILT_PRODUCTS_DIR; };
		9C7F97DC1BD2474800C8E15B /* CGFloat+Extensions.swift */ = {isa = PBXFileReference; fileEncoding = 4; lastKnownFileType = sourcecode.swift; path = "CGFloat+Extensions.swift"; sourceTree = "<group>"; };
		9C7F97DD1BD2474800C8E15B /* CGPoint+Extensions.swift */ = {isa = PBXFileReference; fileEncoding = 4; lastKnownFileType = sourcecode.swift; path = "CGPoint+Extensions.swift"; sourceTree = "<group>"; };
		9C7F97DE1BD2474800C8E15B /* CGVector+Extensions.swift */ = {isa = PBXFileReference; fileEncoding = 4; lastKnownFileType = sourcecode.swift; path = "CGVector+Extensions.swift"; sourceTree = "<group>"; };
		9C7F97DF1BD2474800C8E15B /* Int+Extensions.swift */ = {isa = PBXFileReference; fileEncoding = 4; lastKnownFileType = sourcecode.swift; path = "Int+Extensions.swift"; sourceTree = "<group>"; };
		9C7F97E01BD2474800C8E15B /* SKAction+Extensions.swift */ = {isa = PBXFileReference; fileEncoding = 4; lastKnownFileType = sourcecode.swift; path = "SKAction+Extensions.swift"; sourceTree = "<group>"; };
		9C7F97E11BD2474800C8E15B /* SKAction+SpecialEffects.swift */ = {isa = PBXFileReference; fileEncoding = 4; lastKnownFileType = sourcecode.swift; path = "SKAction+SpecialEffects.swift"; sourceTree = "<group>"; };
		9C7F97E21BD2474800C8E15B /* SKColor+Extensions.swift */ = {isa = PBXFileReference; fileEncoding = 4; lastKnownFileType = sourcecode.swift; path = "SKColor+Extensions.swift"; sourceTree = "<group>"; };
		9C7F97E31BD2474800C8E15B /* SKNode+Extensions.swift */ = {isa = PBXFileReference; fileEncoding = 4; lastKnownFileType = sourcecode.swift; path = "SKNode+Extensions.swift"; sourceTree = "<group>"; };
		9C7F97E41BD2474800C8E15B /* SKTAudio.swift */ = {isa = PBXFileReference; fileEncoding = 4; lastKnownFileType = sourcecode.swift; path = SKTAudio.swift; sourceTree = "<group>"; };
		9C7F97E51BD2474800C8E15B /* SKTEffects.swift */ = {isa = PBXFileReference; fileEncoding = 4; lastKnownFileType = sourcecode.swift; path = SKTEffects.swift; sourceTree = "<group>"; };
		9C7F97E61BD2474800C8E15B /* SKTTimingFunctions.swift */ = {isa = PBXFileReference; fileEncoding = 4; lastKnownFileType = sourcecode.swift; path = SKTTimingFunctions.swift; sourceTree = "<group>"; };
		9C7F97E71BD2474800C8E15B /* Vector3.swift */ = {isa = PBXFileReference; fileEncoding = 4; lastKnownFileType = sourcecode.swift; path = Vector3.swift; sourceTree = "<group>"; };
/* End PBXFileReference section */

/* Begin PBXFrameworksBuildPhase section */
		9C764A311BD237D80012640A /* Frameworks */ = {
			isa = PBXFrameworksBuildPhase;
			buildActionMask = 2147483647;
			files = (
			);
			runOnlyForDeploymentPostprocessing = 0;
		};
/* End PBXFrameworksBuildPhase section */

/* Begin PBXGroup section */
		23595AF41CB9980C00C34D03 /* Model */ = {
			isa = PBXGroup;
			children = (
				677A4F951CBD4F0D008E5773 /* BaseNode.swift */,
				675342FD1CB822BB0039C864 /* BlockNode.swift */,
				677A4F8F1CBD47F7008E5773 /* DefaultsManager.swift */,
				677A4F9B1CBD6631008E5773 /* FakeBlockNode.swift */,
				238DA2911CC8772F00893D9C /* GoalNode.swift */,
				6753430A1CB822BB0039C864 /* MessageNode.swift */,
				67DDCE061CD7E74F001C4B36 /* GameUtils.swift */,
				23D546591CDABDA600019E5F /* LevelResults.swift */,
				23B50C761CDD190100AAA283 /* HeroNode.swift */,
			);
			name = Model;
			sourceTree = "<group>";
		};
		23595AF51CB9984F00C34D03 /* Scenes */ = {
			isa = PBXGroup;
			children = (
				23FD03711CBC16A100F44B4E /* MainMenuScene.swift */,
				677A4F931CBD4D1A008E5773 /* CreditsScene.swift */,
				677A4F911CBD4A01008E5773 /* HowToScene.swift */,
				67B676491CCEFA2100441286 /* LevelSelect.swift */,
				6780F02D1CDB969800E1A9BC /* GameScene.swift */,
				675343021CB822BB0039C864 /* RegGameScene.swift */,
				67DDCE081CD7E7C9001C4B36 /* ZenGameScene.swift */,
				67F924B51CDA681200001A94 /* BlitzGameScene.swift */,
				23FD037A1CBD53D400F44B4E /* GameOverScene.swift */,
				67C444FE1CC93A270079EBA1 /* HowToSceneContents.sks */,
				67B6764B1CCEFA3F00441286 /* LevelSelectContents.sks */,
				67C445001CC93B280079EBA1 /* CreditsSceneContents.sks */,
				23D5465D1CDAF86800019E5F /* Levels */,
			);
			name = Scenes;
			sourceTree = "<group>";
		};
		23D5465D1CDAF86800019E5F /* Levels */ = {
			isa = PBXGroup;
			children = (
				67DDCE0A1CD7E7FD001C4B36 /* Empty.sks */,
				67E7BB3E1CD9412900F41604 /* Level1.sks */,
				67152EFF1CBFDF050026CC89 /* Level2.sks */,
				67B676471CCEEFE500441286 /* Level3.sks */,
				67C444FC1CC933060079EBA1 /* Level4.sks */,
				23D5465B1CDAF84F00019E5F /* Level5.sks */,
				23D5465E1CDAF95800019E5F /* Level6.sks */,
			);
			name = Levels;
			sourceTree = "<group>";
		};
		23F768B51CCF90DD005F3F37 /* Emitter */ = {
			isa = PBXGroup;
			children = (
				67B676571CCEFF7900441286 /* spark.png */,
				67B676551CCEFF7100441286 /* MyParticle.sks */,
			);
			name = Emitter;
			sourceTree = "<group>";
		};
		23FD03731CBD423B00F44B4E /* Fonts */ = {
			isa = PBXGroup;
			children = (
				23FD03741CBD425300F44B4E /* BEBAS___.TTF */,
			);
			name = Fonts;
			sourceTree = "<group>";
		};
		675342F51CB822BB0039C864 /* GravityTower */ = {
			isa = PBXGroup;
			children = (
				23F768B51CCF90DD005F3F37 /* Emitter */,
				23FD03731CBD423B00F44B4E /* Fonts */,
				23595AF51CB9984F00C34D03 /* Scenes */,
				23595AF41CB9980C00C34D03 /* Model */,
				6753430B1CB822BB0039C864 /* Sounds */,
				675342F61CB822BB0039C864 /* AppDelegate.swift */,
				675342F71CB822BB0039C864 /* Assets.xcassets */,
				675342F81CB822BB0039C864 /* LaunchScreen.storyboard */,
				675342FA1CB822BB0039C864 /* Main.storyboard */,
				675343031CB822BB0039C864 /* GameViewController.swift */,
				677A4F801CBD3B45008E5773 /* Constants.swift */,
				675343051CB822BB0039C864 /* Info.plist */,
			);
			path = GravityTower;
			sourceTree = "<group>";
		};
		6753430B1CB822BB0039C864 /* Sounds */ = {
			isa = PBXGroup;
			children = (
				2348EDCE1CCE900B00A0C2D7 /* backgroundMusic.mp3 */,
				23F768B21CCF3738005F3F37 /* lose.wav */,
				23F768B61CCF9130005F3F37 /* win.wav */,
				23B8BF131CCE6D9B0047ECCD /* drop.wav */,
				23B8BF151CCE742F0047ECCD /* fall.wav */,
			);
			path = Sounds;
			sourceTree = "<group>";
		};
		677A4F821CBD3D44008E5773 /* TWControls */ = {
			isa = PBXGroup;
			children = (
				677A4F831CBD3D44008E5773 /* TWButton.swift */,
				677A4F841CBD3D44008E5773 /* TWControl+Helpers.swift */,
				677A4F851CBD3D44008E5773 /* TWControl+NestedTypes.swift */,
				677A4F861CBD3D44008E5773 /* TWControl.swift */,
				677A4F871CBD3D44008E5773 /* TWSwitch.swift */,
			);
			path = TWControls;
			sourceTree = "<group>";
		};
		9C764A2B1BD237D80012640A = {
			isa = PBXGroup;
			children = (
				675342F51CB822BB0039C864 /* GravityTower */,
				9C7F97DB1BD2474800C8E15B /* SKTUtils */,
				677A4F821CBD3D44008E5773 /* TWControls */,
				9C764A351BD237D80012640A /* Products */,
			);
			sourceTree = "<group>";
		};
		9C764A351BD237D80012640A /* Products */ = {
			isa = PBXGroup;
			children = (
				9C764A341BD237D80012640A /* GravityTower.app */,
			);
			name = Products;
			sourceTree = "<group>";
		};
		9C7F97DB1BD2474800C8E15B /* SKTUtils */ = {
			isa = PBXGroup;
			children = (
				9C7F97DC1BD2474800C8E15B /* CGFloat+Extensions.swift */,
				9C7F97DD1BD2474800C8E15B /* CGPoint+Extensions.swift */,
				9C7F97DE1BD2474800C8E15B /* CGVector+Extensions.swift */,
				9C7F97DF1BD2474800C8E15B /* Int+Extensions.swift */,
				9C7F97E01BD2474800C8E15B /* SKAction+Extensions.swift */,
				9C7F97E11BD2474800C8E15B /* SKAction+SpecialEffects.swift */,
				9C7F97E21BD2474800C8E15B /* SKColor+Extensions.swift */,
				9C7F97E31BD2474800C8E15B /* SKNode+Extensions.swift */,
				9C7F97E41BD2474800C8E15B /* SKTAudio.swift */,
				9C7F97E51BD2474800C8E15B /* SKTEffects.swift */,
				9C7F97E61BD2474800C8E15B /* SKTTimingFunctions.swift */,
				9C7F97E71BD2474800C8E15B /* Vector3.swift */,
			);
			path = SKTUtils;
			sourceTree = "<group>";
		};
/* End PBXGroup section */

/* Begin PBXNativeTarget section */
		9C764A331BD237D80012640A /* GravityTower */ = {
			isa = PBXNativeTarget;
			buildConfigurationList = 9C764A4A1BD237D80012640A /* Build configuration list for PBXNativeTarget "GravityTower" */;
			buildPhases = (
				9C764A301BD237D80012640A /* Sources */,
				9C764A311BD237D80012640A /* Frameworks */,
				9C764A321BD237D80012640A /* Resources */,
			);
			buildRules = (
			);
			dependencies = (
			);
			name = GravityTower;
			productName = CatNap;
			productReference = 9C764A341BD237D80012640A /* GravityTower.app */;
			productType = "com.apple.product-type.application";
		};
/* End PBXNativeTarget section */

/* Begin PBXProject section */
		9C764A2C1BD237D80012640A /* Project object */ = {
			isa = PBXProject;
			attributes = {
				LastUpgradeCheck = 0730;
				ORGANIZATIONNAME = "Razeware LLC";
				TargetAttributes = {
					9C764A331BD237D80012640A = {
						CreatedOnToolsVersion = 7.1;
						DevelopmentTeam = 2YTBVCQVL7;
					};
				};
			};
			buildConfigurationList = 9C764A2F1BD237D80012640A /* Build configuration list for PBXProject "GravityTower" */;
			compatibilityVersion = "Xcode 3.2";
			developmentRegion = English;
			hasScannedForEncodings = 0;
			knownRegions = (
				en,
				Base,
			);
			mainGroup = 9C764A2B1BD237D80012640A;
			productRefGroup = 9C764A351BD237D80012640A /* Products */;
			projectDirPath = "";
			projectRoot = "";
			targets = (
				9C764A331BD237D80012640A /* GravityTower */,
			);
		};
/* End PBXProject section */

/* Begin PBXResourcesBuildPhase section */
		9C764A321BD237D80012640A /* Resources */ = {
			isa = PBXResourcesBuildPhase;
			buildActionMask = 2147483647;
			files = (
				67B676581CCEFF7900441286 /* spark.png in Resources */,
				675343151CB822BB0039C864 /* LaunchScreen.storyboard in Resources */,
				67C445011CC93B280079EBA1 /* CreditsSceneContents.sks in Resources */,
				67B676481CCEEFE500441286 /* Level3.sks in Resources */,
				675343141CB822BB0039C864 /* Assets.xcassets in Resources */,
				23F768B41CCF3738005F3F37 /* lose.wav in Resources */,
				67B6764C1CCEFA3F00441286 /* LevelSelectContents.sks in Resources */,
				23B8BF161CCE742F0047ECCD /* fall.wav in Resources */,
				2348EDCF1CCE900B00A0C2D7 /* backgroundMusic.mp3 in Resources */,
				67152F001CBFDF050026CC89 /* Level2.sks in Resources */,
				67B676561CCEFF7100441286 /* MyParticle.sks in Resources */,
				675343161CB822BB0039C864 /* Main.storyboard in Resources */,
				67C444FD1CC933060079EBA1 /* Level4.sks in Resources */,
				23B8BF141CCE6D9B0047ECCD /* drop.wav in Resources */,
				23D5465C1CDAF85000019E5F /* Level5.sks in Resources */,
				23D5465F1CDAF95800019E5F /* Level6.sks in Resources */,
				67C444FF1CC93A270079EBA1 /* HowToSceneContents.sks in Resources */,
				67DDCE0B1CD7E7FD001C4B36 /* Empty.sks in Resources */,
				23F768B71CCF9130005F3F37 /* win.wav in Resources */,
				67E7BB411CD9412900F41604 /* Level1.sks in Resources */,
				23FD03751CBD425300F44B4E /* BEBAS___.TTF in Resources */,
			);
			runOnlyForDeploymentPostprocessing = 0;
		};
/* End PBXResourcesBuildPhase section */

/* Begin PBXSourcesBuildPhase section */
		9C764A301BD237D80012640A /* Sources */ = {
			isa = PBXSourcesBuildPhase;
			buildActionMask = 2147483647;
			files = (
				677A4F8A1CBD3D44008E5773 /* TWControl+NestedTypes.swift in Sources */,
				9C7F97E91BD2474800C8E15B /* CGPoint+Extensions.swift in Sources */,
				9C7F97F11BD2474800C8E15B /* SKTEffects.swift in Sources */,
				9C7F97EC1BD2474800C8E15B /* SKAction+Extensions.swift in Sources */,
				6753431E1CB822BB0039C864 /* GameViewController.swift in Sources */,
				677A4F891CBD3D44008E5773 /* TWControl+Helpers.swift in Sources */,
				9C7F97EF1BD2474800C8E15B /* SKNode+Extensions.swift in Sources */,
				9C7F97F21BD2474800C8E15B /* SKTTimingFunctions.swift in Sources */,
				675343181CB822BB0039C864 /* BlockNode.swift in Sources */,
				67B6764A1CCEFA2100441286 /* LevelSelect.swift in Sources */,
				677A4F9C1CBD6631008E5773 /* FakeBlockNode.swift in Sources */,
				677A4F921CBD4A01008E5773 /* HowToScene.swift in Sources */,
				9C7F97ED1BD2474800C8E15B /* SKAction+SpecialEffects.swift in Sources */,
				23FD03721CBC16A100F44B4E /* MainMenuScene.swift in Sources */,
				9C7F97EB1BD2474800C8E15B /* Int+Extensions.swift in Sources */,
				677A4F961CBD4F0D008E5773 /* BaseNode.swift in Sources */,
				23D5465A1CDABDA600019E5F /* LevelResults.swift in Sources */,
				675343251CB822BB0039C864 /* MessageNode.swift in Sources */,
				677A4F8B1CBD3D44008E5773 /* TWControl.swift in Sources */,
				238DA2921CC8772F00893D9C /* GoalNode.swift in Sources */,
				6795C7241CE4E094008A5D79 /* GameScene.swift in Sources */,
				9C7F97F31BD2474800C8E15B /* Vector3.swift in Sources */,
				677A4F941CBD4D1A008E5773 /* CreditsScene.swift in Sources */,
				677A4F881CBD3D44008E5773 /* TWButton.swift in Sources */,
				6753431D1CB822BB0039C864 /* RegGameScene.swift in Sources */,
				67F924B61CDA681200001A94 /* BlitzGameScene.swift in Sources */,
				23B50C771CDD190100AAA283 /* HeroNode.swift in Sources */,
				23FD037B1CBD53D400F44B4E /* GameOverScene.swift in Sources */,
				675343131CB822BB0039C864 /* AppDelegate.swift in Sources */,
				67DDCE071CD7E74F001C4B36 /* GameUtils.swift in Sources */,
				67DDCE091CD7E7C9001C4B36 /* ZenGameScene.swift in Sources */,
				677A4F901CBD47F7008E5773 /* DefaultsManager.swift in Sources */,
				677A4F811CBD3B45008E5773 /* Constants.swift in Sources */,
				9C7F97EE1BD2474800C8E15B /* SKColor+Extensions.swift in Sources */,
				677A4F8C1CBD3D44008E5773 /* TWSwitch.swift in Sources */,
				9C7F97EA1BD2474800C8E15B /* CGVector+Extensions.swift in Sources */,
				9C7F97F01BD2474800C8E15B /* SKTAudio.swift in Sources */,
				9C7F97E81BD2474800C8E15B /* CGFloat+Extensions.swift in Sources */,
			);
			runOnlyForDeploymentPostprocessing = 0;
		};
/* End PBXSourcesBuildPhase section */

/* Begin PBXVariantGroup section */
		675342F81CB822BB0039C864 /* LaunchScreen.storyboard */ = {
			isa = PBXVariantGroup;
			children = (
				675342F91CB822BB0039C864 /* Base */,
			);
			name = LaunchScreen.storyboard;
			sourceTree = "<group>";
		};
		675342FA1CB822BB0039C864 /* Main.storyboard */ = {
			isa = PBXVariantGroup;
			children = (
				675342FB1CB822BB0039C864 /* Base */,
			);
			name = Main.storyboard;
			sourceTree = "<group>";
		};
/* End PBXVariantGroup section */

/* Begin XCBuildConfiguration section */
		9C764A481BD237D80012640A /* Debug */ = {
			isa = XCBuildConfiguration;
			buildSettings = {
				ALWAYS_SEARCH_USER_PATHS = NO;
				CLANG_CXX_LANGUAGE_STANDARD = "gnu++0x";
				CLANG_CXX_LIBRARY = "libc++";
				CLANG_ENABLE_MODULES = YES;
				CLANG_ENABLE_OBJC_ARC = YES;
				CLANG_WARN_BOOL_CONVERSION = YES;
				CLANG_WARN_CONSTANT_CONVERSION = YES;
				CLANG_WARN_DIRECT_OBJC_ISA_USAGE = YES_ERROR;
				CLANG_WARN_EMPTY_BODY = YES;
				CLANG_WARN_ENUM_CONVERSION = YES;
				CLANG_WARN_INT_CONVERSION = YES;
				CLANG_WARN_OBJC_ROOT_CLASS = YES_ERROR;
				CLANG_WARN_UNREACHABLE_CODE = YES;
				CLANG_WARN__DUPLICATE_METHOD_MATCH = YES;
				"CODE_SIGN_IDENTITY[sdk=iphoneos*]" = "iPhone Developer";
				COPY_PHASE_STRIP = NO;
				DEBUG_INFORMATION_FORMAT = "dwarf-with-dsym";
				ENABLE_STRICT_OBJC_MSGSEND = YES;
				ENABLE_TESTABILITY = YES;
				GCC_C_LANGUAGE_STANDARD = gnu99;
				GCC_DYNAMIC_NO_PIC = NO;
				GCC_NO_COMMON_BLOCKS = YES;
				GCC_OPTIMIZATION_LEVEL = 0;
				GCC_PREPROCESSOR_DEFINITIONS = (
					"DEBUG=1",
					"$(inherited)",
				);
				GCC_WARN_64_TO_32_BIT_CONVERSION = YES;
				GCC_WARN_ABOUT_RETURN_TYPE = YES_ERROR;
				GCC_WARN_UNDECLARED_SELECTOR = YES;
				GCC_WARN_UNINITIALIZED_AUTOS = YES_AGGRESSIVE;
				GCC_WARN_UNUSED_FUNCTION = YES;
				GCC_WARN_UNUSED_VARIABLE = YES;
				IPHONEOS_DEPLOYMENT_TARGET = 9.1;
				MTL_ENABLE_DEBUG_INFO = YES;
				ONLY_ACTIVE_ARCH = YES;
				SDKROOT = iphoneos;
				SWIFT_OPTIMIZATION_LEVEL = "-Onone";
				TARGETED_DEVICE_FAMILY = "1,2";
			};
			name = Debug;
		};
		9C764A491BD237D80012640A /* Release */ = {
			isa = XCBuildConfiguration;
			buildSettings = {
				ALWAYS_SEARCH_USER_PATHS = NO;
				CLANG_CXX_LANGUAGE_STANDARD = "gnu++0x";
				CLANG_CXX_LIBRARY = "libc++";
				CLANG_ENABLE_MODULES = YES;
				CLANG_ENABLE_OBJC_ARC = YES;
				CLANG_WARN_BOOL_CONVERSION = YES;
				CLANG_WARN_CONSTANT_CONVERSION = YES;
				CLANG_WARN_DIRECT_OBJC_ISA_USAGE = YES_ERROR;
				CLANG_WARN_EMPTY_BODY = YES;
				CLANG_WARN_ENUM_CONVERSION = YES;
				CLANG_WARN_INT_CONVERSION = YES;
				CLANG_WARN_OBJC_ROOT_CLASS = YES_ERROR;
				CLANG_WARN_UNREACHABLE_CODE = YES;
				CLANG_WARN__DUPLICATE_METHOD_MATCH = YES;
				"CODE_SIGN_IDENTITY[sdk=iphoneos*]" = "iPhone Developer";
				COPY_PHASE_STRIP = NO;
				DEBUG_INFORMATION_FORMAT = "dwarf-with-dsym";
				ENABLE_NS_ASSERTIONS = NO;
				ENABLE_STRICT_OBJC_MSGSEND = YES;
				GCC_C_LANGUAGE_STANDARD = gnu99;
				GCC_NO_COMMON_BLOCKS = YES;
				GCC_WARN_64_TO_32_BIT_CONVERSION = YES;
				GCC_WARN_ABOUT_RETURN_TYPE = YES_ERROR;
				GCC_WARN_UNDECLARED_SELECTOR = YES;
				GCC_WARN_UNINITIALIZED_AUTOS = YES_AGGRESSIVE;
				GCC_WARN_UNUSED_FUNCTION = YES;
				GCC_WARN_UNUSED_VARIABLE = YES;
				IPHONEOS_DEPLOYMENT_TARGET = 9.1;
				MTL_ENABLE_DEBUG_INFO = NO;
				SDKROOT = iphoneos;
				TARGETED_DEVICE_FAMILY = "1,2";
				VALIDATE_PRODUCT = YES;
			};
			name = Release;
		};
		9C764A4B1BD237D80012640A /* Debug */ = {
			isa = XCBuildConfiguration;
			buildSettings = {
				ASSETCATALOG_COMPILER_APPICON_NAME = AppIcon;
				CODE_SIGN_IDENTITY = "iPhone Developer";
				"CODE_SIGN_IDENTITY[sdk=iphoneos*]" = "iPhone Developer";
				INFOPLIST_FILE = "$(SRCROOT)/GravityTower/Info.plist";
				IPHONEOS_DEPLOYMENT_TARGET = 9.1;
				LD_RUNPATH_SEARCH_PATHS = "$(inherited) @executable_path/Frameworks";
				PRODUCT_BUNDLE_IDENTIFIER = com.590.GravityTower;
				PRODUCT_NAME = GravityTower;
				PROVISIONING_PROFILE = "";
				TARGETED_DEVICE_FAMILY = "1,2";
			};
			name = Debug;
		};
		9C764A4C1BD237D80012640A /* Release */ = {
			isa = XCBuildConfiguration;
			buildSettings = {
				ASSETCATALOG_COMPILER_APPICON_NAME = AppIcon;
				CODE_SIGN_IDENTITY = "iPhone Developer";
				"CODE_SIGN_IDENTITY[sdk=iphoneos*]" = "iPhone Developer";
				INFOPLIST_FILE = "$(SRCROOT)/GravityTower/Info.plist";
				IPHONEOS_DEPLOYMENT_TARGET = 9.1;
				LD_RUNPATH_SEARCH_PATHS = "$(inherited) @executable_path/Frameworks";
				PRODUCT_BUNDLE_IDENTIFIER = com.590.GravityTower;
				PRODUCT_NAME = GravityTower;
				PROVISIONING_PROFILE = "";
				TARGETED_DEVICE_FAMILY = "1,2";
			};
			name = Release;
		};
/* End XCBuildConfiguration section */

/* Begin XCConfigurationList section */
		9C764A2F1BD237D80012640A /* Build configuration list for PBXProject "GravityTower" */ = {
			isa = XCConfigurationList;
			buildConfigurations = (
				9C764A481BD237D80012640A /* Debug */,
				9C764A491BD237D80012640A /* Release */,
			);
			defaultConfigurationIsVisible = 0;
			defaultConfigurationName = Release;
		};
		9C764A4A1BD237D80012640A /* Build configuration list for PBXNativeTarget "GravityTower" */ = {
			isa = XCConfigurationList;
			buildConfigurations = (
				9C764A4B1BD237D80012640A /* Debug */,
				9C764A4C1BD237D80012640A /* Release */,
			);
			defaultConfigurationIsVisible = 0;
			defaultConfigurationName = Release;
		};
/* End XCConfigurationList section */
	};
	rootObject = 9C764A2C1BD237D80012640A /* Project object */;
}
